
Microsoft Visual Studio Solution File, Format Version 12.00
# Visual Studio 15
VisualStudioVersion = 15.0.26124.0
MinimumVisualStudioVersion = 15.0.26124.0
Project("{FAE04EC0-301F-11D3-BF4B-00C04F79EFBC}") = "DotNetCore.Socket.Client", "DotNetCore.Socket.Client\DotNetCore.Socket.Client.csproj", "{79EB9573-9B49-4808-A5E4-765547BF1E62}"
EndProject
Project("{FAE04EC0-301F-11D3-BF4B-00C04F79EFBC}") = "DotNetCore.SslSocket.Client", "DotNetCore.SslSocket.Client\DotNetCore.SslSocket.Client.csproj", "{0CAF7266-82B3-4950-88B3-62F3465EC9DA}"
EndProject
Project("{FAE04EC0-301F-11D3-BF4B-00C04F79EFBC}") = "DotNetCore.SslSocket.Server", "DotNetCore.SslSocket.Server\DotNetCore.SslSocket.Server.csproj", "{8C973D26-BD0D-4FBC-A85C-843CBAC54A70}"
EndProject
Project("{FAE04EC0-301F-11D3-BF4B-00C04F79EFBC}") = "DotNetCore.Socket.Server", "DotNetCore.Socket.Server\DotNetCore.Socket.Server.csproj", "{4C368450-519D-4154-A170-809F12A3E179}"
EndProject
Global
	GlobalSection(SolutionConfigurationPlatforms) = preSolution
		Debug|Any CPU = Debug|Any CPU
		Debug|x64 = Debug|x64
		Debug|x86 = Debug|x86
		Release|Any CPU = Release|Any CPU
		Release|x64 = Release|x64
		Release|x86 = Release|x86
	EndGlobalSection
	GlobalSection(SolutionProperties) = preSolution
		HideSolutionNode = FALSE
	EndGlobalSection
	GlobalSection(ProjectConfigurationPlatforms) = postSolution
		{79EB9573-9B49-4808-A5E4-765547BF1E62}.Debug|Any CPU.ActiveCfg = Debug|Any CPU
		{79EB9573-9B49-4808-A5E4-765547BF1E62}.Debug|Any CPU.Build.0 = Debug|Any CPU
		{79EB9573-9B49-4808-A5E4-765547BF1E62}.Debug|x64.ActiveCfg = Debug|Any CPU
		{79EB9573-9B49-4808-A5E4-765547BF1E62}.Debug|x64.Build.0 = Debug|Any CPU
		{79EB9573-9B49-4808-A5E4-765547BF1E62}.Debug|x86.ActiveCfg = Debug|Any CPU
		{79EB9573-9B49-4808-A5E4-765547BF1E62}.Debug|x86.Build.0 = Debug|Any CPU
		{79EB9573-9B49-4808-A5E4-765547BF1E62}.Release|Any CPU.ActiveCfg = Release|Any CPU
		{79EB9573-9B49-4808-A5E4-765547BF1E62}.Release|Any CPU.Build.0 = Release|Any CPU
		{79EB9573-9B49-4808-A5E4-765547BF1E62}.Release|x64.ActiveCfg = Release|Any CPU
		{79EB9573-9B49-4808-A5E4-765547BF1E62}.Release|x64.Build.0 = Release|Any CPU
		{79EB9573-9B49-4808-A5E4-765547BF1E62}.Release|x86.ActiveCfg = Release|Any CPU
		{79EB9573-9B49-4808-A5E4-765547BF1E62}.Release|x86.Build.0 = Release|Any CPU
		{0CAF7266-82B3-4950-88B3-62F3465EC9DA}.Debug|Any CPU.ActiveCfg = Debug|Any CPU
		{0CAF7266-82B3-4950-88B3-62F3465EC9DA}.Debug|Any CPU.Build.0 = Debug|Any CPU
		{0CAF7266-82B3-4950-88B3-62F3465EC9DA}.Debug|x64.ActiveCfg = Debug|Any CPU
		{0CAF7266-82B3-4950-88B3-62F3465EC9DA}.Debug|x64.Build.0 = Debug|Any CPU
		{0CAF7266-82B3-4950-88B3-62F3465EC9DA}.Debug|x86.ActiveCfg = Debug|Any CPU
		{0CAF7266-82B3-4950-88B3-62F3465EC9DA}.Debug|x86.Build.0 = Debug|Any CPU
		{0CAF7266-82B3-4950-88B3-62F3465EC9DA}.Release|Any CPU.ActiveCfg = Release|Any CPU
		{0CAF7266-82B3-4950-88B3-62F3465EC9DA}.Release|Any CPU.Build.0 = Release|Any CPU
		{0CAF7266-82B3-4950-88B3-62F3465EC9DA}.Release|x64.ActiveCfg = Release|Any CPU
		{0CAF7266-82B3-4950-88B3-62F3465EC9DA}.Release|x64.Build.0 = Release|Any CPU
		{0CAF7266-82B3-4950-88B3-62F3465EC9DA}.Release|x86.ActiveCfg = Release|Any CPU
		{0CAF7266-82B3-4950-88B3-62F3465EC9DA}.Release|x86.Build.0 = Release|Any CPU
		{8C973D26-BD0D-4FBC-A85C-843CBAC54A70}.Debug|Any CPU.ActiveCfg = Debug|Any CPU
		{8C973D26-BD0D-4FBC-A85C-843CBAC54A70}.Debug|Any CPU.Build.0 = Debug|Any CPU
		{8C973D26-BD0D-4FBC-A85C-843CBAC54A70}.Debug|x64.ActiveCfg = Debug|Any CPU
		{8C973D26-BD0D-4FBC-A85C-843CBAC54A70}.Debug|x64.Build.0 = Debug|Any CPU
		{8C973D26-BD0D-4FBC-A85C-843CBAC54A70}.Debug|x86.ActiveCfg = Debug|Any CPU
		{8C973D26-BD0D-4FBC-A85C-843CBAC54A70}.Debug|x86.Build.0 = Debug|Any CPU
		{8C973D26-BD0D-4FBC-A85C-843CBAC54A70}.Release|Any CPU.ActiveCfg = Release|Any CPU
		{8C973D26-BD0D-4FBC-A85C-843CBAC54A70}.Release|Any CPU.Build.0 = Release|Any CPU
		{8C973D26-BD0D-4FBC-A85C-843CBAC54A70}.Release|x64.ActiveCfg = Release|Any CPU
		{8C973D26-BD0D-4FBC-A85C-843CBAC54A70}.Release|x64.Build.0 = Release|Any CPU
		{8C973D26-BD0D-4FBC-A85C-843CBAC54A70}.Release|x86.ActiveCfg = Release|Any CPU
		{8C973D26-BD0D-4FBC-A85C-843CBAC54A70}.Release|x86.Build.0 = Release|Any CPU
		{4C368450-519D-4154-A170-809F12A3E179}.Debug|Any CPU.ActiveCfg = Debug|Any CPU
		{4C368450-519D-4154-A170-809F12A3E179}.Debug|Any CPU.Build.0 = Debug|Any CPU
		{4C368450-519D-4154-A170-809F12A3E179}.Debug|x64.ActiveCfg = Debug|Any CPU
		{4C368450-519D-4154-A170-809F12A3E179}.Debug|x64.Build.0 = Debug|Any CPU
		{4C368450-519D-4154-A170-809F12A3E179}.Debug|x86.ActiveCfg = Debug|Any CPU
		{4C368450-519D-4154-A170-809F12A3E179}.Debug|x86.Build.0 = Debug|Any CPU
		{4C368450-519D-4154-A170-809F12A3E179}.Release|Any CPU.ActiveCfg = Release|Any CPU
		{4C368450-519D-4154-A170-809F12A3E179}.Release|Any CPU.Build.0 = Release|Any CPU
		{4C368450-519D-4154-A170-809F12A3E179}.Release|x64.ActiveCfg = Release|Any CPU
		{4C368450-519D-4154-A170-809F12A3E179}.Release|x64.Build.0 = Release|Any CPU
		{4C368450-519D-4154-A170-809F12A3E179}.Release|x86.ActiveCfg = Release|Any CPU
		{4C368450-519D-4154-A170-809F12A3E179}.Release|x86.Build.0 = Release|Any CPU
	EndGlobalSection
EndGlobal
